github.com/MichaelTJones/pcg v0.0.0-20180122055547-df440c6ed7ed h1:hQC4FSwvsLH6rOLJTndsHnANARF9RwW4PbrDTjks/0A=
github.com/MichaelTJones/pcg v0.0.0-20180122055547-df440c6ed7ed/go.mod h1:NQ4UMHqyfXyYVmZopcfwPRWJa0rw2aH16eDIltReVUo=
github.com/gorilla/mux v1.7.0 h1:tOSd0UKHQd6urX6ApfOn4XdBMY6Sh1MfxV3kmaazO+U=
github.com/gorilla/mux v1.7.0/go.mod h1:1lud6UwP+6orDFRuTfBEV8e9/aOM/c4fVVCaMa2zaAs=
github.com/laliluna/expectations v0.1.0 h1:pq9NvtyAoEiTdEBMDlGjtcDqnx0Ujd5uTl7c3q765bY=
github.com/laliluna/expectations v0.1.0/go.mod h1:G7D3w4HuCZDNhFQ8VUzeRSKaoUsBMBQykPjTIMqkJmg=
