# This file is autogenerated, do not edit; changes may be undone by the next 'dep ensure'.


[[projects]]
  digest = "1:ca59b1175189b3f0e9f1793d2c350114be36eaabbe5b9f554b35edee1de50aea"
  name = "github.com/gorilla/mux"
  packages = ["."]
  pruneopts = "UT"
  revision = "a7962380ca08b5a188038c69871b8d3fbdf31e89"
  version = "v1.7.0"

[[projects]]
  digest = "1:8d256d54408e4960bf3055f9b0c40861feed1a965f47fdd7a8115602f74d3832"
  name = "github.com/laliluna/expectations"
  packages = ["."]
  pruneopts = "UT"
  revision = "bd2ea3fed01720e3d77e4a1cda14b38cf04098b4"
  version = "v0.1.0"

[solve-meta]
  analyzer-name = "dep"
  analyzer-version = 1
  input-imports = [
    "github.com/gorilla/mux",
    "github.com/laliluna/expectations",
  ]
  solver-name = "gps-cdcl"
  solver-version = 1
